
Microsoft Visual Studio Solution File, Format Version 12.00
# Visual Studio Version 17
VisualStudioVersion = 17.3.32811.315
MinimumVisualStudioVersion = 10.0.40219.1
Project("{FAE04EC0-301F-11D3-BF4B-00C04F79EFBC}") = "ListeDeux", "ListeDeux\ListeDeux.csproj", "{AFDF9B7B-8FEA-4E85-A3E6-88C45C79CF22}"
EndProject
Global
	GlobalSection(SolutionConfigurationPlatforms) = preSolution
		Debug|Any CPU = Debug|Any CPU
		Release|Any CPU = Release|Any CPU
	EndGlobalSection
	GlobalSection(ProjectConfigurationPlatforms) = postSolution
		{AFDF9B7B-8FEA-4E85-A3E6-88C45C79CF22}.Debug|Any CPU.ActiveCfg = Debug|Any CPU
		{AFDF9B7B-8FEA-4E85-A3E6-88C45C79CF22}.Debug|Any CPU.Build.0 = Debug|Any CPU
		{AFDF9B7B-8FEA-4E85-A3E6-88C45C79CF22}.Release|Any CPU.ActiveCfg = Release|Any CPU
		{AFDF9B7B-8FEA-4E85-A3E6-88C45C79CF22}.Release|Any CPU.Build.0 = Release|Any CPU
	EndGlobalSection
	GlobalSection(SolutionProperties) = preSolution
		HideSolutionNode = FALSE
	EndGlobalSection
	GlobalSection(ExtensibilityGlobals) = postSolution
		SolutionGuid = {CC88FE8B-32C3-469D-8B79-B2ED8CF46133}
	EndGlobalSection
EndGlobal
